// !$*UTF8*$!
{
	archiveVersion = 1;
	classes = {
	};
	objectVersion = 50;
	objects = {

/* Begin PBXBuildFile section */
		4C88C94425827B4F00C4E6E7 /* AppDelegate.swift in Sources */ = {isa = PBXBuildFile; fileRef = 4C88C94325827B4F00C4E6E7 /* AppDelegate.swift */; };
		4C88C94625827B4F00C4E6E7 /* SceneDelegate.swift in Sources */ = {isa = PBXBuildFile; fileRef = 4C88C94525827B4F00C4E6E7 /* SceneDelegate.swift */; };
		4C88C94825827B4F00C4E6E7 /* ContentView.swift in Sources */ = {isa = PBXBuildFile; fileRef = 4C88C94725827B4F00C4E6E7 /* ContentView.swift */; };
		4C88C94A25827B5000C4E6E7 /* Assets.xcassets in Resources */ = {isa = PBXBuildFile; fileRef = 4C88C94925827B5000C4E6E7 /* Assets.xcassets */; };
		4C88C94D25827B5000C4E6E7 /* Preview Assets.xcassets in Resources */ = {isa = PBXBuildFile; fileRef = 4C88C94C25827B5000C4E6E7 /* Preview Assets.xcassets */; };
		4C88C95025827B5000C4E6E7 /* LaunchScreen.storyboard in Resources */ = {isa = PBXBuildFile; fileRef = 4C88C94E25827B5000C4E6E7 /* LaunchScreen.storyboard */; };
/* End PBXBuildFile section */

/* Begin PBXFileReference section */
		4C88C94025827B4F00C4E6E7 /* MileStone1_3_RockPaperScissor.app */ = {isa = PBXFileReference; explicitFileType = wrapper.application; includeInIndex = 0; path = MileStone1_3_RockPaperScissor.app; sourceTree = BUILT_PRODUCTS_DIR; };
		4C88C94325827B4F00C4E6E7 /* AppDelegate.swift */ = {isa = PBXFileReference; lastKnownFileType = sourcecode.swift; path = AppDelegate.swift; sourceTree = "<group>"; };
		4C88C94525827B4F00C4E6E7 /* SceneDelegate.swift */ = {isa = PBXFileReference; lastKnownFileType = sourcecode.swift; path = SceneDelegate.swift; sourceTree = "<group>"; };
		4C88C94725827B4F00C4E6E7 /* ContentView.swift */ = {isa = PBXFileReference; lastKnownFileType = sourcecode.swift; path = ContentView.swift; sourceTree = "<group>"; };
		4C88C94925827B5000C4E6E7 /* Assets.xcassets */ = {isa = PBXFileReference; lastKnownFileType = folder.assetcatalog; path = Assets.xcassets; sourceTree = "<group>"; };
		4C88C94C25827B5000C4E6E7 /* Preview Assets.xcassets */ = {isa = PBXFileReference; lastKnownFileType = folder.assetcatalog; path = "Preview Assets.xcassets"; sourceTree = "<group>"; };
		4C88C94F25827B5000C4E6E7 /* Base */ = {isa = PBXFileReference; lastKnownFileType = file.storyboard; name = Base; path = Base.lproj/LaunchScreen.storyboard; sourceTree = "<group>"; };
		4C88C95125827B5000C4E6E7 /* Info.plist */ = {isa = PBXFileReference; lastKnownFileType = text.plist.xml; path = Info.plist; sourceTree = "<group>"; };
/* End PBXFileReference section */

/* Begin PBXFrameworksBuildPhase section */
		4C88C93D25827B4F00C4E6E7 /* Frameworks */ = {
			isa = PBXFrameworksBuildPhase;
			buildActionMask = 2147483647;
			files = (
			);
			runOnlyForDeploymentPostprocessing = 0;
		};
/* End PBXFrameworksBuildPhase section */

/* Begin PBXGroup section */
		4C88C93725827B4F00C4E6E7 = {
			isa = PBXGroup;
			children = (
				4C88C94225827B4F00C4E6E7 /* MileStone1_3_RockPaperScissor */,
				4C88C94125827B4F00C4E6E7 /* Products */,
			);
			sourceTree = "<group>";
		};
		4C88C94125827B4F00C4E6E7 /* Products */ = {
			isa = PBXGroup;
			children = (
				4C88C94025827B4F00C4E6E7 /* MileStone1_3_RockPaperScissor.app */,
			);
			name = Products;
			sourceTree = "<group>";
		};
		4C88C94225827B4F00C4E6E7 /* MileStone1_3_RockPaperScissor */ = {
			isa = PBXGroup;
			children = (
				4C88C94325827B4F00C4E6E7 /* AppDelegate.swift */,
				4C88C94525827B4F00C4E6E7 /* SceneDelegate.swift */,
				4C88C94725827B4F00C4E6E7 /* ContentView.swift */,
				4C88C94925827B5000C4E6E7 /* Assets.xcassets */,
				4C88C94E25827B5000C4E6E7 /* LaunchScreen.storyboard */,
				4C88C95125827B5000C4E6E7 /* Info.plist */,
				4C88C94B25827B5000C4E6E7 /* Preview Content */,
			);
			path = MileStone1_3_RockPaperScissor;
			sourceTree = "<group>";
		};
		4C88C94B25827B5000C4E6E7 /* Preview Content */ = {
			isa = PBXGroup;
			children = (
				4C88C94C25827B5000C4E6E7 /* Preview Assets.xcassets */,
			);
			path = "Preview Content";
			sourceTree = "<group>";
		};
/* End PBXGroup section */

/* Begin PBXNativeTarget section */
		4C88C93F25827B4F00C4E6E7 /* MileStone1_3_RockPaperScissor */ = {
			isa = PBXNativeTarget;
			buildConfigurationList = 4C88C95425827B5000C4E6E7 /* Build configuration list for PBXNativeTarget "MileStone1_3_RockPaperScissor" */;
			buildPhases = (
				4C88C93C25827B4F00C4E6E7 /* Sources */,
				4C88C93D25827B4F00C4E6E7 /* Frameworks */,
				4C88C93E25827B4F00C4E6E7 /* Resources */,
			);
			buildRules = (
			);
			dependencies = (
			);
			name = MileStone1_3_RockPaperScissor;
			productName = MileStone1_3_RockPaperScissor;
			productReference = 4C88C94025827B4F00C4E6E7 /* MileStone1_3_RockPaperScissor.app */;
			productType = "com.apple.product-type.application";
		};
/* End PBXNativeTarget section */

/* Begin PBXProject section */
		4C88C93825827B4F00C4E6E7 /* Project object */ = {
			isa = PBXProject;
			attributes = {
				LastSwiftUpdateCheck = 1220;
				LastUpgradeCheck = 1220;
				TargetAttributes = {
					4C88C93F25827B4F00C4E6E7 = {
						CreatedOnToolsVersion = 12.2;
					};
				};
			};
			buildConfigurationList = 4C88C93B25827B4F00C4E6E7 /* Build configuration list for PBXProject "MileStone1_3_RockPaperScissor" */;
			compatibilityVersion = "Xcode 9.3";
			developmentRegion = en;
			hasScannedForEncodings = 0;
			knownRegions = (
				en,
				Base,
			);
			mainGroup = 4C88C93725827B4F00C4E6E7;
			productRefGroup = 4C88C94125827B4F00C4E6E7 /* Products */;
			projectDirPath = "";
			projectRoot = "";
			targets = (
				4C88C93F25827B4F00C4E6E7 /* MileStone1_3_RockPaperScissor */,
			);
		};
/* End PBXProject section */

/* Begin PBXResourcesBuildPhase section */
		4C88C93E25827B4F00C4E6E7 /* Resources */ = {
			isa = PBXResourcesBuildPhase;
			buildActionMask = 2147483647;
			files = (
				4C88C95025827B5000C4E6E7 /* LaunchScreen.storyboard in Resources */,
				4C88C94D25827B5000C4E6E7 /* Preview Assets.xcassets in Resources */,
				4C88C94A25827B5000C4E6E7 /* Assets.xcassets in Resources */,
			);
			runOnlyForDeploymentPostprocessing = 0;
		};
/* End PBXResourcesBuildPhase section */

/* Begin PBXSourcesBuildPhase section */
		4C88C93C25827B4F00C4E6E7 /* Sources */ = {
			isa = PBXSourcesBuildPhase;
			buildActionMask = 2147483647;
			files = (
				4C88C94425827B4F00C4E6E7 /* AppDelegate.swift in Sources */,
				4C88C94625827B4F00C4E6E7 /* SceneDelegate.swift in Sources */,
				4C88C94825827B4F00C4E6E7 /* ContentView.swift in Sources */,
			);
			runOnlyForDeploymentPostprocessing = 0;
		};
/* End PBXSourcesBuildPhase section */

/* Begin PBXVariantGroup section */
		4C88C94E25827B5000C4E6E7 /* LaunchScreen.storyboard */ = {
			isa = PBXVariantGroup;
			children = (
				4C88C94F25827B5000C4E6E7 /* Base */,
			);
			name = LaunchScreen.storyboard;
			sourceTree = "<group>";
		};
/* End PBXVariantGroup section */

/* Begin XCBuildConfiguration section */
		4C88C95225827B5000C4E6E7 /* Debug */ = {
			isa = XCBuildConfiguration;
			buildSettings = {
				ALWAYS_SEARCH_USER_PATHS = NO;
				CLANG_ANALYZER_NONNULL = YES;
				CLANG_ANALYZER_NUMBER_OBJECT_CONVERSION = YES_AGGRESSIVE;
				CLANG_CXX_LANGUAGE_STANDARD = "gnu++14";
				CLANG_CXX_LIBRARY = "libc++";
				CLANG_ENABLE_MODULES = YES;
				CLANG_ENABLE_OBJC_ARC = YES;
				CLANG_ENABLE_OBJC_WEAK = YES;
				CLANG_WARN_BLOCK_CAPTURE_AUTORELEASING = YES;
				CLANG_WARN_BOOL_CONVERSION = YES;
				CLANG_WARN_COMMA = YES;
				CLANG_WARN_CONSTANT_CONVERSION = YES;
				CLANG_WARN_DEPRECATED_OBJC_IMPLEMENTATIONS = YES;
				CLANG_WARN_DIRECT_OBJC_ISA_USAGE = YES_ERROR;
				CLANG_WARN_DOCUMENTATION_COMMENTS = YES;
				CLANG_WARN_EMPTY_BODY = YES;
				CLANG_WARN_ENUM_CONVERSION = YES;
				CLANG_WARN_INFINITE_RECURSION = YES;
				CLANG_WARN_INT_CONVERSION = YES;
				CLANG_WARN_NON_LITERAL_NULL_CONVERSION = YES;
				CLANG_WARN_OBJC_IMPLICIT_RETAIN_SELF = YES;
				CLANG_WARN_OBJC_LITERAL_CONVERSION = YES;
				CLANG_WARN_OBJC_ROOT_CLASS = YES_ERROR;
				CLANG_WARN_QUOTED_INCLUDE_IN_FRAMEWORK_HEADER = YES;
				CLANG_WARN_RANGE_LOOP_ANALYSIS = YES;
				CLANG_WARN_STRICT_PROTOTYPES = YES;
				CLANG_WARN_SUSPICIOUS_MOVE = YES;
				CLANG_WARN_UNGUARDED_AVAILABILITY = YES_AGGRESSIVE;
				CLANG_WARN_UNREACHABLE_CODE = YES;
				CLANG_WARN__DUPLICATE_METHOD_MATCH = YES;
				COPY_PHASE_STRIP = NO;
				DEBUG_INFORMATION_FORMAT = dwarf;
				ENABLE_STRICT_OBJC_MSGSEND = YES;
				ENABLE_TESTABILITY = YES;
				GCC_C_LANGUAGE_STANDARD = gnu11;
				GCC_DYNAMIC_NO_PIC = NO;
				GCC_NO_COMMON_BLOCKS = YES;
				GCC_OPTIMIZATION_LEVEL = 0;
				GCC_PREPROCESSOR_DEFINITIONS = (
					"DEBUG=1",
					"$(inherited)",
				);
				GCC_WARN_64_TO_32_BIT_CONVERSION = YES;
				GCC_WARN_ABOUT_RETURN_TYPE = YES_ERROR;
				GCC_WARN_UNDECLARED_SELECTOR = YES;
				GCC_WARN_UNINITIALIZED_AUTOS = YES_AGGRESSIVE;
				GCC_WARN_UNUSED_FUNCTION = YES;
				GCC_WARN_UNUSED_VARIABLE = YES;
				IPHONEOS_DEPLOYMENT_TARGET = 14.2;
				MTL_ENABLE_DEBUG_INFO = INCLUDE_SOURCE;
				MTL_FAST_MATH = YES;
				ONLY_ACTIVE_ARCH = YES;
				SDKROOT = iphoneos;
				SWIFT_ACTIVE_COMPILATION_CONDITIONS = DEBUG;
				SWIFT_OPTIMIZATION_LEVEL = "-Onone";
			};
			name = Debug;
		};
		4C88C95325827B5000C4E6E7 /* Release */ = {
			isa = XCBuildConfiguration;
			buildSettings = {
				ALWAYS_SEARCH_USER_PATHS = NO;
				CLANG_ANALYZER_NONNULL = YES;
				CLANG_ANALYZER_NUMBER_OBJECT_CONVERSION = YES_AGGRESSIVE;
				CLANG_CXX_LANGUAGE_STANDARD = "gnu++14";
				CLANG_CXX_LIBRARY = "libc++";
				CLANG_ENABLE_MODULES = YES;
				CLANG_ENABLE_OBJC_ARC = YES;
				CLANG_ENABLE_OBJC_WEAK = YES;
				CLANG_WARN_BLOCK_CAPTURE_AUTORELEASING = YES;
				CLANG_WARN_BOOL_CONVERSION = YES;
				CLANG_WARN_COMMA = YES;
				CLANG_WARN_CONSTANT_CONVERSION = YES;
				CLANG_WARN_DEPRECATED_OBJC_IMPLEMENTATIONS = YES;
				CLANG_WARN_DIRECT_OBJC_ISA_USAGE = YES_ERROR;
				CLANG_WARN_DOCUMENTATION_COMMENTS = YES;
				CLANG_WARN_EMPTY_BODY = YES;
				CLANG_WARN_ENUM_CONVERSION = YES;
				CLANG_WARN_INFINITE_RECURSION = YES;
				CLANG_WARN_INT_CONVERSION = YES;
				CLANG_WARN_NON_LITERAL_NULL_CONVERSION = YES;
				CLANG_WARN_OBJC_IMPLICIT_RETAIN_SELF = YES;
				CLANG_WARN_OBJC_LITERAL_CONVERSION = YES;
				CLANG_WARN_OBJC_ROOT_CLASS = YES_ERROR;
				CLANG_WARN_QUOTED_INCLUDE_IN_FRAMEWORK_HEADER = YES;
				CLANG_WARN_RANGE_LOOP_ANALYSIS = YES;
				CLANG_WARN_STRICT_PROTOTYPES = YES;
				CLANG_WARN_SUSPICIOUS_MOVE = YES;
				CLANG_WARN_UNGUARDED_AVAILABILITY = YES_AGGRESSIVE;
				CLANG_WARN_UNREACHABLE_CODE = YES;
				CLANG_WARN__DUPLICATE_METHOD_MATCH = YES;
				COPY_PHASE_STRIP = NO;
				DEBUG_INFORMATION_FORMAT = "dwarf-with-dsym";
				ENABLE_NS_ASSERTIONS = NO;
				ENABLE_STRICT_OBJC_MSGSEND = YES;
				GCC_C_LANGUAGE_STANDARD = gnu11;
				GCC_NO_COMMON_BLOCKS = YES;
				GCC_WARN_64_TO_32_BIT_CONVERSION = YES;
				GCC_WARN_ABOUT_RETURN_TYPE = YES_ERROR;
				GCC_WARN_UNDECLARED_SELECTOR = YES;
				GCC_WARN_UNINITIALIZED_AUTOS = YES_AGGRESSIVE;
				GCC_WARN_UNUSED_FUNCTION = YES;
				GCC_WARN_UNUSED_VARIABLE = YES;
				IPHONEOS_DEPLOYMENT_TARGET = 14.2;
				MTL_ENABLE_DEBUG_INFO = NO;
				MTL_FAST_MATH = YES;
				SDKROOT = iphoneos;
				SWIFT_COMPILATION_MODE = wholemodule;
				SWIFT_OPTIMIZATION_LEVEL = "-O";
				VALIDATE_PRODUCT = YES;
			};
			name = Release;
		};
		4C88C95525827B5000C4E6E7 /* Debug */ = {
			isa = XCBuildConfiguration;
			buildSettings = {
				ASSETCATALOG_COMPILER_APPICON_NAME = AppIcon;
				ASSETCATALOG_COMPILER_GLOBAL_ACCENT_COLOR_NAME = AccentColor;
				CODE_SIGN_STYLE = Automatic;
				DEVELOPMENT_ASSET_PATHS = "\"MileStone1_3_RockPaperScissor/Preview Content\"";
				DEVELOPMENT_TEAM = 8LY46C2NM9;
				ENABLE_PREVIEWS = YES;
				INFOPLIST_FILE = MileStone1_3_RockPaperScissor/Info.plist;
				LD_RUNPATH_SEARCH_PATHS = (
					"$(inherited)",
					"@executable_path/Frameworks",
				);
				PRODUCT_BUNDLE_IDENTIFIER = "MKA.MileStone1-3-RockPaperScissor";
				PRODUCT_NAME = "$(TARGET_NAME)";
				SWIFT_VERSION = 5.0;
				TARGETED_DEVICE_FAMILY = "1,2";
			};
			name = Debug;
		};
		4C88C95625827B5000C4E6E7 /* Release */ = {
			isa = XCBuildConfiguration;
			buildSettings = {
				ASSETCATALOG_COMPILER_APPICON_NAME = AppIcon;
				ASSETCATALOG_COMPILER_GLOBAL_ACCENT_COLOR_NAME = AccentColor;
				CODE_SIGN_STYLE = Automatic;
				DEVELOPMENT_ASSET_PATHS = "\"MileStone1_3_RockPaperScissor/Preview Content\"";
				DEVELOPMENT_TEAM = 8LY46C2NM9;
				ENABLE_PREVIEWS = YES;
				INFOPLIST_FILE = MileStone1_3_RockPaperScissor/Info.plist;
				LD_RUNPATH_SEARCH_PATHS = (
					"$(inherited)",
					"@executable_path/Frameworks",
				);
				PRODUCT_BUNDLE_IDENTIFIER = "MKA.MileStone1-3-RockPaperScissor";
				PRODUCT_NAME = "$(TARGET_NAME)";
				SWIFT_VERSION = 5.0;
				TARGETED_DEVICE_FAMILY = "1,2";
			};
			name = Release;
		};
/* End XCBuildConfiguration section */

/* Begin XCConfigurationList section */
		4C88C93B25827B4F00C4E6E7 /* Build configuration list for PBXProject "MileStone1_3_RockPaperScissor" */ = {
			isa = XCConfigurationList;
			buildConfigurations = (
				4C88C95225827B5000C4E6E7 /* Debug */,
				4C88C95325827B5000C4E6E7 /* Release */,
			);
			defaultConfigurationIsVisible = 0;
			defaultConfigurationName = Release;
		};
		4C88C95425827B5000C4E6E7 /* Build configuration list for PBXNativeTarget "MileStone1_3_RockPaperScissor" */ = {
			isa = XCConfigurationList;
			buildConfigurations = (
				4C88C95525827B5000C4E6E7 /* Debug */,
				4C88C95625827B5000C4E6E7 /* Release */,
			);
			defaultConfigurationIsVisible = 0;
			defaultConfigurationName = Release;
		};
/* End XCConfigurationList section */
	};
	rootObject = 4C88C93825827B4F00C4E6E7 /* Project object */;
}
